
Microsoft Visual Studio Solution File, Format Version 12.00
# Visual Studio Version 17
VisualStudioVersion = 17.3.32929.385
MinimumVisualStudioVersion = 10.0.40219.1
Project("{FAE04EC0-301F-11D3-BF4B-00C04F79EFBC}") = "Q1", "Exec2_TextBox\Q1.csproj", "{685E0900-CDFD-4EF0-B47D-AED337C80532}"
EndProject
Project("{FAE04EC0-301F-11D3-BF4B-00C04F79EFBC}") = "Q2", "Q2\Q2.csproj", "{2ADC3C77-186F-4AC2-8E5C-2496A38B94A8}"
EndProject
Project("{FAE04EC0-301F-11D3-BF4B-00C04F79EFBC}") = "Q3", "Q3\Q3.csproj", "{2632E4EA-7533-47BF-A982-EF0A427EB4E2}"
EndProject
Project("{FAE04EC0-301F-11D3-BF4B-00C04F79EFBC}") = "Q4", "Q4\Q4.csproj", "{B86CBFD7-6E87-4800-AD20-ABFD5C8E0243}"
EndProject
Global
	GlobalSection(SolutionConfigurationPlatforms) = preSolution
		Debug|Any CPU = Debug|Any CPU
		Release|Any CPU = Release|Any CPU
	EndGlobalSection
	GlobalSection(ProjectConfigurationPlatforms) = postSolution
		{685E0900-CDFD-4EF0-B47D-AED337C80532}.Debug|Any CPU.ActiveCfg = Debug|Any CPU
		{685E0900-CDFD-4EF0-B47D-AED337C80532}.Debug|Any CPU.Build.0 = Debug|Any CPU
		{685E0900-CDFD-4EF0-B47D-AED337C80532}.Release|Any CPU.ActiveCfg = Release|Any CPU
		{685E0900-CDFD-4EF0-B47D-AED337C80532}.Release|Any CPU.Build.0 = Release|Any CPU
		{2ADC3C77-186F-4AC2-8E5C-2496A38B94A8}.Debug|Any CPU.ActiveCfg = Debug|Any CPU
		{2ADC3C77-186F-4AC2-8E5C-2496A38B94A8}.Debug|Any CPU.Build.0 = Debug|Any CPU
		{2ADC3C77-186F-4AC2-8E5C-2496A38B94A8}.Release|Any CPU.ActiveCfg = Release|Any CPU
		{2ADC3C77-186F-4AC2-8E5C-2496A38B94A8}.Release|Any CPU.Build.0 = Release|Any CPU
		{2632E4EA-7533-47BF-A982-EF0A427EB4E2}.Debug|Any CPU.ActiveCfg = Debug|Any CPU
		{2632E4EA-7533-47BF-A982-EF0A427EB4E2}.Debug|Any CPU.Build.0 = Debug|Any CPU
		{2632E4EA-7533-47BF-A982-EF0A427EB4E2}.Release|Any CPU.ActiveCfg = Release|Any CPU
		{2632E4EA-7533-47BF-A982-EF0A427EB4E2}.Release|Any CPU.Build.0 = Release|Any CPU
		{B86CBFD7-6E87-4800-AD20-ABFD5C8E0243}.Debug|Any CPU.ActiveCfg = Debug|Any CPU
		{B86CBFD7-6E87-4800-AD20-ABFD5C8E0243}.Debug|Any CPU.Build.0 = Debug|Any CPU
		{B86CBFD7-6E87-4800-AD20-ABFD5C8E0243}.Release|Any CPU.ActiveCfg = Release|Any CPU
		{B86CBFD7-6E87-4800-AD20-ABFD5C8E0243}.Release|Any CPU.Build.0 = Release|Any CPU
	EndGlobalSection
	GlobalSection(SolutionProperties) = preSolution
		HideSolutionNode = FALSE
	EndGlobalSection
	GlobalSection(ExtensibilityGlobals) = postSolution
		SolutionGuid = {C1C562CA-9946-44E4-A8DC-174A6228AAB9}
	EndGlobalSection
EndGlobal
